{
  "name": "json-compression",
  "lockfileVersion": 3,
  "requires": true,
  "packages": {
    "": {
      "dependencies": {
        "@msgpack/msgpack": "^3.0.0-beta2",
        "lz4-napi": "^2.2.0",
        "msgpackr": "^1.11.0",
        "snappy": "^7.2.2",
        "tinybench": "^2.9.0"
      }
    },
    "node_modules/@antoniomuso/lz4-napi-android-arm-eabi": {
      "version": "2.2.0",
      "resolved": "https://registry.npmjs.org/@antoniomuso/lz4-napi-android-arm-eabi/-/lz4-napi-android-arm-eabi-2.2.0.tgz",
      "integrity": "sha512-9PBt0UhmahcQamcD+eHVB2u38Ae1z7Sqb2zBLExj9DRGT9tRj3RavdgAjRewsShp+k+J2hxfinXp8gLil3rZwg==",
      "cpu": [
        "arm"
      ],
      "license": "MIT",
      "optional": true,
      "os": [
        "android"
      ],
      "engines": {
        "node": ">= 10"
      }
    },
    "node_modules/@antoniomuso/lz4-napi-android-arm64": {
      "version": "2.2.0",
      "resolved": "https://registry.npmjs.org/@antoniomuso/lz4-napi-android-arm64/-/lz4-napi-android-arm64-2.2.0.tgz",
      "integrity": "sha512-zW0EPEuSBxjjP9MZUyXmDYAXLpS/TeVEq/la+nJIvM5XtGg1rwvuNdEErO977QI0zRc1jIQBMzE25B/wwP/Bwg==",
      "cpu": [
        "arm64"
      ],
      "license": "MIT",
      "optional": true,
      "os": [
        "android"
      ],
      "engines": {
        "node": ">= 10"
      }
    },
    "node_modules/@antoniomuso/lz4-napi-darwin-arm64": {
      "version": "2.2.0",
      "resolved": "https://registry.npmjs.org/@antoniomuso/lz4-napi-darwin-arm64/-/lz4-napi-darwin-arm64-2.2.0.tgz",
      "integrity": "sha512-KVE5F+fOmVIXADkgSTgA+J3Hv7l2QEaj4iBbLQfuDSZjm5qMDrXUfBJBJv6xKYpu9/ikMZRKvjfU/krhVMqWXw==",
      "cpu": [
        "arm64"
      ],
      "license": "MIT",
      "optional": true,
      "os": [
        "darwin"
      ],
      "engines": {
        "node": ">= 10"
      }
    },
    "node_modules/@antoniomuso/lz4-napi-darwin-x64": {
      "version": "2.2.0",
      "resolved": "https://registry.npmjs.org/@antoniomuso/lz4-napi-darwin-x64/-/lz4-napi-darwin-x64-2.2.0.tgz",
      "integrity": "sha512-K2jRtXU+9qldL6vK7K4VT3UClZZb87nLqMlwkMVS2eaoofqFdrkSAgJP5oSHN9bkE7u3OCLgOUZfFFSi/UNz7w==",
      "cpu": [
        "x64"
      ],
      "license": "MIT",
      "optional": true,
      "os": [
        "darwin"
      ],
      "engines": {
        "node": ">= 10"
      }
    },
    "node_modules/@antoniomuso/lz4-napi-freebsd-x64": {
      "version": "2.2.0",
      "resolved": "https://registry.npmjs.org/@antoniomuso/lz4-napi-freebsd-x64/-/lz4-napi-freebsd-x64-2.2.0.tgz",
      "integrity": "sha512-KKXiaQ8g0UxwDsfCBH/ARo5FCnoFtoPLDAxz72QLWuuTxfK0epg3ZChb2l1n95bUvSZKRSVQaa7sHJsl+d+ffg==",
      "cpu": [
        "x64"
      ],
      "license": "MIT",
      "optional": true,
      "os": [
        "freebsd"
      ],
      "engines": {
        "node": ">= 10"
      }
    },
    "node_modules/@antoniomuso/lz4-napi-linux-arm-gnueabihf": {
      "version": "2.2.0",
      "resolved": "https://registry.npmjs.org/@antoniomuso/lz4-napi-linux-arm-gnueabihf/-/lz4-napi-linux-arm-gnueabihf-2.2.0.tgz",
      "integrity": "sha512-p0WkyFmWSaveGPNolSxH23/NksbhORj7D1dxyHdtZKdY1xMUVxQ/aIrD/Vfn35hO01KFI1LVh6nTpybez7Empg==",
      "cpu": [
        "arm"
      ],
      "license": "MIT",
      "optional": true,
      "os": [
        "linux"
      ],
      "engines": {
        "node": ">= 10"
      }
    },
    "node_modules/@antoniomuso/lz4-napi-linux-arm64-gnu": {
      "version": "2.2.0",
      "resolved": "https://registry.npmjs.org/@antoniomuso/lz4-napi-linux-arm64-gnu/-/lz4-napi-linux-arm64-gnu-2.2.0.tgz",
      "integrity": "sha512-a1C4u+dnS8wP+Lu6fUKGOeVm0tFw8gt0VK+3aCCB9AYu8u2NdfYqqpceu9snNk04Rzp3MNJSryWvHtoVOdUtMQ==",
      "cpu": [
        "arm64"
      ],
      "license": "MIT",
      "optional": true,
      "os": [
        "linux"
      ],
      "engines": {
        "node": ">= 10"
      }
    },
    "node_modules/@antoniomuso/lz4-napi-linux-arm64-musl": {
      "version": "2.2.0",
      "resolved": "https://registry.npmjs.org/@antoniomuso/lz4-napi-linux-arm64-musl/-/lz4-napi-linux-arm64-musl-2.2.0.tgz",
      "integrity": "sha512-+YlKffM2n5/zLJ3JYpzbnwTLj/aiOAM9rEJlDg7LR0YK5o0dbcsCq8fK/fapDkzoLl8BMO6ObJtuZ/6Vi3Targ==",
      "cpu": [
        "arm64"
      ],
      "license": "MIT",
      "optional": true,
      "os": [
        "linux"
      ],
      "engines": {
        "node": ">= 10"
      }
    },
    "node_modules/@antoniomuso/lz4-napi-linux-x64-gnu": {
      "version": "2.2.0",
      "resolved": "https://registry.npmjs.org/@antoniomuso/lz4-napi-linux-x64-gnu/-/lz4-napi-linux-x64-gnu-2.2.0.tgz",
      "integrity": "sha512-pPJVppGpV+La0tb34GMTbiUTLsSqIJGzxIdPM2XjJ23u6ytnog2DQiyylMENhY20X7oHG2oQlCW9J+W8sCNh3Q==",
      "cpu": [
        "x64"
      ],
      "license": "MIT",
      "optional": true,
      "os": [
        "linux"
      ],
      "engines": {
        "node": ">= 10"
      }
    },
    "node_modules/@antoniomuso/lz4-napi-linux-x64-musl": {
      "version": "2.2.0",
      "resolved": "https://registry.npmjs.org/@antoniomuso/lz4-napi-linux-x64-musl/-/lz4-napi-linux-x64-musl-2.2.0.tgz",
      "integrity": "sha512-KSWJ5TZVLlOA+hzy7gnYytb7xhD6jeoYqno72Zp/jY1fV5xHk71YJppvzOzVpX4mbRFdu5DMQU8GcvTxsmS2zg==",
      "cpu": [
        "x64"
      ],
      "license": "MIT",
      "optional": true,
      "os": [
        "linux"
      ],
      "engines": {
        "node": ">= 10"
      }
    },
    "node_modules/@antoniomuso/lz4-napi-win32-arm64-msvc": {
      "version": "2.2.0",
      "resolved": "https://registry.npmjs.org/@antoniomuso/lz4-napi-win32-arm64-msvc/-/lz4-napi-win32-arm64-msvc-2.2.0.tgz",
      "integrity": "sha512-bfk4rNPE5Al1aozsRm4oWfMjxS2qDaoYilFzSDWxToFg7DFlAkjBsVLnB9cV+W6oZ/+jowlK8IGFlNhUG+uatw==",
      "cpu": [
        "arm64"
      ],
      "license": "MIT",
      "optional": true,
      "os": [
        "win32"
      ],
      "engines": {
        "node": ">= 10"
      }
    },
    "node_modules/@antoniomuso/lz4-napi-win32-ia32-msvc": {
      "version": "2.2.0",
      "resolved": "https://registry.npmjs.org/@antoniomuso/lz4-napi-win32-ia32-msvc/-/lz4-napi-win32-ia32-msvc-2.2.0.tgz",
      "integrity": "sha512-xu7XMe1KyLDP2wzOxTE9eibFGP+Ut1Sl3GbW1zW3wjV4RIXyJqZRvwIOsZ0P0lfXJmykmzN6yIzs1QksOzgMog==",
      "cpu": [
        "ia32"
      ],
      "license": "MIT",
      "optional": true,
      "os": [
        "win32"
      ],
      "engines": {
        "node": ">= 10"
      }
    },
    "node_modules/@antoniomuso/lz4-napi-win32-x64-msvc": {
      "version": "2.2.0",
      "resolved": "https://registry.npmjs.org/@antoniomuso/lz4-napi-win32-x64-msvc/-/lz4-napi-win32-x64-msvc-2.2.0.tgz",
      "integrity": "sha512-sJZjXEIjtK7upjh1oHpDELAH45jL/dNdg/mzYg61ljprtfjsza40h8e/Sq0IQOCmJc6IR746bGcttPM297nhzQ==",
      "cpu": [
        "x64"
      ],
      "license": "MIT",
      "optional": true,
      "os": [
        "win32"
      ],
      "engines": {
        "node": ">= 10"
      }
    },
    "node_modules/@msgpack/msgpack": {
      "version": "3.0.0-beta2",
      "resolved": "https://registry.npmjs.org/@msgpack/msgpack/-/msgpack-3.0.0-beta2.tgz",
      "integrity": "sha512-y+l1PNV0XDyY8sM3YtuMLK5vE3/hkfId+Do8pLo/OPxfxuFAUwcGz3oiiUuV46/aBpwTzZ+mRWVMtlSKbradhw==",
      "license": "ISC",
      "engines": {
        "node": ">= 14"
      }
    },
    "node_modules/@msgpackr-extract/msgpackr-extract-darwin-arm64": {
      "version": "3.0.3",
      "resolved": "https://registry.npmjs.org/@msgpackr-extract/msgpackr-extract-darwin-arm64/-/msgpackr-extract-darwin-arm64-3.0.3.tgz",
      "integrity": "sha512-QZHtlVgbAdy2zAqNA9Gu1UpIuI8Xvsd1v8ic6B2pZmeFnFcMWiPLfWXh7TVw4eGEZ/C9TH281KwhVoeQUKbyjw==",
      "cpu": [
        "arm64"
      ],
      "license": "MIT",
      "optional": true,
      "os": [
        "darwin"
      ]
    },
    "node_modules/@msgpackr-extract/msgpackr-extract-darwin-x64": {
      "version": "3.0.3",
      "resolved": "https://registry.npmjs.org/@msgpackr-extract/msgpackr-extract-darwin-x64/-/msgpackr-extract-darwin-x64-3.0.3.tgz",
      "integrity": "sha512-mdzd3AVzYKuUmiWOQ8GNhl64/IoFGol569zNRdkLReh6LRLHOXxU4U8eq0JwaD8iFHdVGqSy4IjFL4reoWCDFw==",
      "cpu": [
        "x64"
      ],
      "license": "MIT",
      "optional": true,
      "os": [
        "darwin"
      ]
    },
    "node_modules/@msgpackr-extract/msgpackr-extract-linux-arm": {
      "version": "3.0.3",
      "resolved": "https://registry.npmjs.org/@msgpackr-extract/msgpackr-extract-linux-arm/-/msgpackr-extract-linux-arm-3.0.3.tgz",
      "integrity": "sha512-fg0uy/dG/nZEXfYilKoRe7yALaNmHoYeIoJuJ7KJ+YyU2bvY8vPv27f7UKhGRpY6euFYqEVhxCFZgAUNQBM3nw==",
      "cpu": [
        "arm"
      ],
      "license": "MIT",
      "optional": true,
      "os": [
        "linux"
      ]
    },
    "node_modules/@msgpackr-extract/msgpackr-extract-linux-arm64": {
      "version": "3.0.3",
      "resolved": "https://registry.npmjs.org/@msgpackr-extract/msgpackr-extract-linux-arm64/-/msgpackr-extract-linux-arm64-3.0.3.tgz",
      "integrity": "sha512-YxQL+ax0XqBJDZiKimS2XQaf+2wDGVa1enVRGzEvLLVFeqa5kx2bWbtcSXgsxjQB7nRqqIGFIcLteF/sHeVtQg==",
      "cpu": [
        "arm64"
      ],
      "license": "MIT",
      "optional": true,
      "os": [
        "linux"
      ]
    },
    "node_modules/@msgpackr-extract/msgpackr-extract-linux-x64": {
      "version": "3.0.3",
      "resolved": "https://registry.npmjs.org/@msgpackr-extract/msgpackr-extract-linux-x64/-/msgpackr-extract-linux-x64-3.0.3.tgz",
      "integrity": "sha512-cvwNfbP07pKUfq1uH+S6KJ7dT9K8WOE4ZiAcsrSes+UY55E/0jLYc+vq+DO7jlmqRb5zAggExKm0H7O/CBaesg==",
      "cpu": [
        "x64"
      ],
      "license": "MIT",
      "optional": true,
      "os": [
        "linux"
      ]
    },
    "node_modules/@msgpackr-extract/msgpackr-extract-win32-x64": {
      "version": "3.0.3",
      "resolved": "https://registry.npmjs.org/@msgpackr-extract/msgpackr-extract-win32-x64/-/msgpackr-extract-win32-x64-3.0.3.tgz",
      "integrity": "sha512-x0fWaQtYp4E6sktbsdAqnehxDgEc/VwM7uLsRCYWaiGu0ykYdZPiS8zCWdnjHwyiumousxfBm4SO31eXqwEZhQ==",
      "cpu": [
        "x64"
      ],
      "license": "MIT",
      "optional": true,
      "os": [
        "win32"
      ]
    },
    "node_modules/@napi-rs/snappy-android-arm-eabi": {
      "version": "7.2.2",
      "resolved": "https://registry.npmjs.org/@napi-rs/snappy-android-arm-eabi/-/snappy-android-arm-eabi-7.2.2.tgz",
      "integrity": "sha512-H7DuVkPCK5BlAr1NfSU8bDEN7gYs+R78pSHhDng83QxRnCLmVIZk33ymmIwurmoA1HrdTxbkbuNl+lMvNqnytw==",
      "cpu": [
        "arm"
      ],
      "license": "MIT",
      "optional": true,
      "os": [
        "android"
      ],
      "engines": {
        "node": ">= 10"
      }
    },
    "node_modules/@napi-rs/snappy-android-arm64": {
      "version": "7.2.2",
      "resolved": "https://registry.npmjs.org/@napi-rs/snappy-android-arm64/-/snappy-android-arm64-7.2.2.tgz",
      "integrity": "sha512-2R/A3qok+nGtpVK8oUMcrIi5OMDckGYNoBLFyli3zp8w6IArPRfg1yOfVUcHvpUDTo9T7LOS1fXgMOoC796eQw==",
      "cpu": [
        "arm64"
      ],
      "license": "MIT",
      "optional": true,
      "os": [
        "android"
      ],
      "engines": {
        "node": ">= 10"
      }
    },
    "node_modules/@napi-rs/snappy-darwin-arm64": {
      "version": "7.2.2",
      "resolved": "https://registry.npmjs.org/@napi-rs/snappy-darwin-arm64/-/snappy-darwin-arm64-7.2.2.tgz",
      "integrity": "sha512-USgArHbfrmdbuq33bD5ssbkPIoT7YCXCRLmZpDS6dMDrx+iM7eD2BecNbOOo7/v1eu6TRmQ0xOzeQ6I/9FIi5g==",
      "cpu": [
        "arm64"
      ],
      "license": "MIT",
      "optional": true,
      "os": [
        "darwin"
      ],
      "engines": {
        "node": ">= 10"
      }
    },
    "node_modules/@napi-rs/snappy-darwin-x64": {
      "version": "7.2.2",
      "resolved": "https://registry.npmjs.org/@napi-rs/snappy-darwin-x64/-/snappy-darwin-x64-7.2.2.tgz",
      "integrity": "sha512-0APDu8iO5iT0IJKblk2lH0VpWSl9zOZndZKnBYIc+ei1npw2L5QvuErFOTeTdHBtzvUHASB+9bvgaWnQo4PvTQ==",
      "cpu": [
        "x64"
      ],
      "license": "MIT",
      "optional": true,
      "os": [
        "darwin"
      ],
      "engines": {
        "node": ">= 10"
      }
    },
    "node_modules/@napi-rs/snappy-freebsd-x64": {
      "version": "7.2.2",
      "resolved": "https://registry.npmjs.org/@napi-rs/snappy-freebsd-x64/-/snappy-freebsd-x64-7.2.2.tgz",
      "integrity": "sha512-mRTCJsuzy0o/B0Hnp9CwNB5V6cOJ4wedDTWEthsdKHSsQlO7WU9W1yP7H3Qv3Ccp/ZfMyrmG98Ad7u7lG58WXA==",
      "cpu": [
        "x64"
      ],
      "license": "MIT",
      "optional": true,
      "os": [
        "freebsd"
      ],
      "engines": {
        "node": ">= 10"
      }
    },
    "node_modules/@napi-rs/snappy-linux-arm-gnueabihf": {
      "version": "7.2.2",
      "resolved": "https://registry.npmjs.org/@napi-rs/snappy-linux-arm-gnueabihf/-/snappy-linux-arm-gnueabihf-7.2.2.tgz",
      "integrity": "sha512-v1uzm8+6uYjasBPcFkv90VLZ+WhLzr/tnfkZ/iD9mHYiULqkqpRuC8zvc3FZaJy5wLQE9zTDkTJN1IvUcZ+Vcg==",
      "cpu": [
        "arm"
      ],
      "license": "MIT",
      "optional": true,
      "os": [
        "linux"
      ],
      "engines": {
        "node": ">= 10"
      }
    },
    "node_modules/@napi-rs/snappy-linux-arm64-gnu": {
      "version": "7.2.2",
      "resolved": "https://registry.npmjs.org/@napi-rs/snappy-linux-arm64-gnu/-/snappy-linux-arm64-gnu-7.2.2.tgz",
      "integrity": "sha512-LrEMa5pBScs4GXWOn6ZYXfQ72IzoolZw5txqUHVGs8eK4g1HR9HTHhb2oY5ySNaKakG5sOgMsb1rwaEnjhChmQ==",
      "cpu": [
        "arm64"
      ],
      "license": "MIT",
      "optional": true,
      "os": [
        "linux"
      ],
      "engines": {
        "node": ">= 10"
      }
    },
    "node_modules/@napi-rs/snappy-linux-arm64-musl": {
      "version": "7.2.2",
      "resolved": "https://registry.npmjs.org/@napi-rs/snappy-linux-arm64-musl/-/snappy-linux-arm64-musl-7.2.2.tgz",
      "integrity": "sha512-3orWZo9hUpGQcB+3aTLW7UFDqNCQfbr0+MvV67x8nMNYj5eAeUtMmUE/HxLznHO4eZ1qSqiTwLbVx05/Socdlw==",
      "cpu": [
        "arm64"
      ],
      "license": "MIT",
      "optional": true,
      "os": [
        "linux"
      ],
      "engines": {
        "node": ">= 10"
      }
    },
    "node_modules/@napi-rs/snappy-linux-x64-gnu": {
      "version": "7.2.2",
      "resolved": "https://registry.npmjs.org/@napi-rs/snappy-linux-x64-gnu/-/snappy-linux-x64-gnu-7.2.2.tgz",
      "integrity": "sha512-jZt8Jit/HHDcavt80zxEkDpH+R1Ic0ssiVCoueASzMXa7vwPJeF4ZxZyqUw4qeSy7n8UUExomu8G8ZbP6VKhgw==",
      "cpu": [
        "x64"
      ],
      "license": "MIT",
      "optional": true,
      "os": [
        "linux"
      ],
      "engines": {
        "node": ">= 10"
      }
    },
    "node_modules/@napi-rs/snappy-linux-x64-musl": {
      "version": "7.2.2",
      "resolved": "https://registry.npmjs.org/@napi-rs/snappy-linux-x64-musl/-/snappy-linux-x64-musl-7.2.2.tgz",
      "integrity": "sha512-Dh96IXgcZrV39a+Tej/owcd9vr5ihiZ3KRix11rr1v0MWtVb61+H1GXXlz6+Zcx9y8jM1NmOuiIuJwkV4vZ4WA==",
      "cpu": [
        "x64"
      ],
      "license": "MIT",
      "optional": true,
      "os": [
        "linux"
      ],
      "engines": {
        "node": ">= 10"
      }
    },
    "node_modules/@napi-rs/snappy-win32-arm64-msvc": {
      "version": "7.2.2",
      "resolved": "https://registry.npmjs.org/@napi-rs/snappy-win32-arm64-msvc/-/snappy-win32-arm64-msvc-7.2.2.tgz",
      "integrity": "sha512-9No0b3xGbHSWv2wtLEn3MO76Yopn1U2TdemZpCaEgOGccz1V+a/1d16Piz3ofSmnA13HGFz3h9NwZH9EOaIgYA==",
      "cpu": [
        "arm64"
      ],
      "license": "MIT",
      "optional": true,
      "os": [
        "win32"
      ],
      "engines": {
        "node": ">= 10"
      }
    },
    "node_modules/@napi-rs/snappy-win32-ia32-msvc": {
      "version": "7.2.2",
      "resolved": "https://registry.npmjs.org/@napi-rs/snappy-win32-ia32-msvc/-/snappy-win32-ia32-msvc-7.2.2.tgz",
      "integrity": "sha512-QiGe+0G86J74Qz1JcHtBwM3OYdTni1hX1PFyLRo3HhQUSpmi13Bzc1En7APn+6Pvo7gkrcy81dObGLDSxFAkQQ==",
      "cpu": [
        "ia32"
      ],
      "license": "MIT",
      "optional": true,
      "os": [
        "win32"
      ],
      "engines": {
        "node": ">= 10"
      }
    },
    "node_modules/@napi-rs/snappy-win32-x64-msvc": {
      "version": "7.2.2",
      "resolved": "https://registry.npmjs.org/@napi-rs/snappy-win32-x64-msvc/-/snappy-win32-x64-msvc-7.2.2.tgz",
      "integrity": "sha512-a43cyx1nK0daw6BZxVcvDEXxKMFLSBSDTAhsFD0VqSKcC7MGUBMaqyoWUcMiI7LBSz4bxUmxDWKfCYzpEmeb3w==",
      "cpu": [
        "x64"
      ],
      "license": "MIT",
      "optional": true,
      "os": [
        "win32"
      ],
      "engines": {
        "node": ">= 10"
      }
    },
    "node_modules/@napi-rs/triples": {
      "version": "1.2.0",
      "resolved": "https://registry.npmjs.org/@napi-rs/triples/-/triples-1.2.0.tgz",
      "integrity": "sha512-HAPjR3bnCsdXBsATpDIP5WCrw0JcACwhhrwIAQhiR46n+jm+a2F8kBsfseAuWtSyQ+H3Yebt2k43B5dy+04yMA==",
      "license": "MIT"
    },
    "node_modules/@node-rs/helper": {
      "version": "1.6.0",
      "resolved": "https://registry.npmjs.org/@node-rs/helper/-/helper-1.6.0.tgz",
      "integrity": "sha512-2OTh/tokcLA1qom1zuCJm2gQzaZljCCbtX1YCrwRVd/toz7KxaDRFeLTAPwhs8m9hWgzrBn5rShRm6IaZofCPw==",
      "license": "MIT",
      "dependencies": {
        "@napi-rs/triples": "^1.2.0"
      }
    },
    "node_modules/detect-libc": {
      "version": "2.0.3",
      "resolved": "https://registry.npmjs.org/detect-libc/-/detect-libc-2.0.3.tgz",
      "integrity": "sha512-bwy0MGW55bG41VqxxypOsdSdGqLwXPI/focwgTYCFMbdUiBAxLg9CFzG08sz2aqzknwiX7Hkl0bQENjg8iLByw==",
      "license": "Apache-2.0",
      "optional": true,
      "engines": {
        "node": ">=8"
      }
    },
    "node_modules/lz4-napi": {
      "version": "2.2.0",
      "resolved": "https://registry.npmjs.org/lz4-napi/-/lz4-napi-2.2.0.tgz",
      "integrity": "sha512-n2xx3j7rILyd7OXxQoFXmyEpEJywfAXSnK6br2woep7j/7RV86gc7xLTITaM5/KZnQJb5exSvpcz+lTZ8npXgg==",
      "license": "MIT",
      "dependencies": {
        "@node-rs/helper": "^1.3.3"
      },
      "engines": {
        "node": ">= 10"
      },
      "optionalDependencies": {
        "@antoniomuso/lz4-napi-android-arm-eabi": "2.2.0",
        "@antoniomuso/lz4-napi-android-arm64": "2.2.0",
        "@antoniomuso/lz4-napi-darwin-arm64": "2.2.0",
        "@antoniomuso/lz4-napi-darwin-x64": "2.2.0",
        "@antoniomuso/lz4-napi-freebsd-x64": "2.2.0",
        "@antoniomuso/lz4-napi-linux-arm-gnueabihf": "2.2.0",
        "@antoniomuso/lz4-napi-linux-arm64-gnu": "2.2.0",
        "@antoniomuso/lz4-napi-linux-arm64-musl": "2.2.0",
        "@antoniomuso/lz4-napi-linux-x64-gnu": "2.2.0",
        "@antoniomuso/lz4-napi-linux-x64-musl": "2.2.0",
        "@antoniomuso/lz4-napi-win32-arm64-msvc": "2.2.0",
        "@antoniomuso/lz4-napi-win32-ia32-msvc": "2.2.0",
        "@antoniomuso/lz4-napi-win32-x64-msvc": "2.2.0"
      }
    },
    "node_modules/msgpackr": {
      "version": "1.11.0",
      "resolved": "https://registry.npmjs.org/msgpackr/-/msgpackr-1.11.0.tgz",
      "integrity": "sha512-I8qXuuALqJe5laEBYoFykChhSXLikZmUhccjGsPuSJ/7uPip2TJ7lwdIQwWSAi0jGZDXv4WOP8Qg65QZRuXxXw==",
      "license": "MIT",
      "optionalDependencies": {
        "msgpackr-extract": "^3.0.2"
      }
    },
    "node_modules/msgpackr-extract": {
      "version": "3.0.3",
      "resolved": "https://registry.npmjs.org/msgpackr-extract/-/msgpackr-extract-3.0.3.tgz",
      "integrity": "sha512-P0efT1C9jIdVRefqjzOQ9Xml57zpOXnIuS+csaB4MdZbTdmGDLo8XhzBG1N7aO11gKDDkJvBLULeFTo46wwreA==",
      "hasInstallScript": true,
      "license": "MIT",
      "optional": true,
      "dependencies": {
        "node-gyp-build-optional-packages": "5.2.2"
      },
      "bin": {
        "download-msgpackr-prebuilds": "bin/download-prebuilds.js"
      },
      "optionalDependencies": {
        "@msgpackr-extract/msgpackr-extract-darwin-arm64": "3.0.3",
        "@msgpackr-extract/msgpackr-extract-darwin-x64": "3.0.3",
        "@msgpackr-extract/msgpackr-extract-linux-arm": "3.0.3",
        "@msgpackr-extract/msgpackr-extract-linux-arm64": "3.0.3",
        "@msgpackr-extract/msgpackr-extract-linux-x64": "3.0.3",
        "@msgpackr-extract/msgpackr-extract-win32-x64": "3.0.3"
      }
    },
    "node_modules/node-gyp-build-optional-packages": {
      "version": "5.2.2",
      "resolved": "https://registry.npmjs.org/node-gyp-build-optional-packages/-/node-gyp-build-optional-packages-5.2.2.tgz",
      "integrity": "sha512-s+w+rBWnpTMwSFbaE0UXsRlg7hU4FjekKU4eyAih5T8nJuNZT1nNsskXpxmeqSK9UzkBl6UgRlnKc8hz8IEqOw==",
      "license": "MIT",
      "optional": true,
      "dependencies": {
        "detect-libc": "^2.0.1"
      },
      "bin": {
        "node-gyp-build-optional-packages": "bin.js",
        "node-gyp-build-optional-packages-optional": "optional.js",
        "node-gyp-build-optional-packages-test": "build-test.js"
      }
    },
    "node_modules/snappy": {
      "version": "7.2.2",
      "resolved": "https://registry.npmjs.org/snappy/-/snappy-7.2.2.tgz",
      "integrity": "sha512-iADMq1kY0v3vJmGTuKcFWSXt15qYUz7wFkArOrsSg0IFfI3nJqIJvK2/ZbEIndg7erIJLtAVX2nSOqPz7DcwbA==",
      "license": "MIT",
      "engines": {
        "node": ">= 10"
      },
      "funding": {
        "type": "github",
        "url": "https://github.com/sponsors/Brooooooklyn"
      },
      "optionalDependencies": {
        "@napi-rs/snappy-android-arm-eabi": "7.2.2",
        "@napi-rs/snappy-android-arm64": "7.2.2",
        "@napi-rs/snappy-darwin-arm64": "7.2.2",
        "@napi-rs/snappy-darwin-x64": "7.2.2",
        "@napi-rs/snappy-freebsd-x64": "7.2.2",
        "@napi-rs/snappy-linux-arm-gnueabihf": "7.2.2",
        "@napi-rs/snappy-linux-arm64-gnu": "7.2.2",
        "@napi-rs/snappy-linux-arm64-musl": "7.2.2",
        "@napi-rs/snappy-linux-x64-gnu": "7.2.2",
        "@napi-rs/snappy-linux-x64-musl": "7.2.2",
        "@napi-rs/snappy-win32-arm64-msvc": "7.2.2",
        "@napi-rs/snappy-win32-ia32-msvc": "7.2.2",
        "@napi-rs/snappy-win32-x64-msvc": "7.2.2"
      }
    },
    "node_modules/tinybench": {
      "version": "2.9.0",
      "resolved": "https://registry.npmjs.org/tinybench/-/tinybench-2.9.0.tgz",
      "integrity": "sha512-0+DUvqWMValLmha6lr4kD8iAMK1HzV0/aKnCtWb9v9641TnP/MFb7Pc2bxoxQjTXAErryXVgUOfv2YqNllqGeg==",
      "license": "MIT"
    }
  }
}
